// !$*UTF8*$!
{
	archiveVersion = 1;
	classes = {
	};
	objectVersion = 46;
	objects = {

/* Begin PBXBuildFile section */
		816BFF141AA5224C8016389E /* Pods_GraduatedProject.framework in Frameworks */ = {isa = PBXBuildFile; fileRef = 19050C472D3E30CD42F6EA14 /* Pods_GraduatedProject.framework */; };
		A03C7F7C1EDEF56800C53533 /* PageVC.swift in Sources */ = {isa = PBXBuildFile; fileRef = A03C7F7B1EDEF56800C53533 /* PageVC.swift */; };
		A03C7F7F1EDEF74D00C53533 /* Page1.storyboard in Resources */ = {isa = PBXBuildFile; fileRef = A03C7F7D1EDEF74D00C53533 /* Page1.storyboard */; };
		A03C7F811EDEF76F00C53533 /* Page2.storyboard in Resources */ = {isa = PBXBuildFile; fileRef = A03C7F801EDEF76F00C53533 /* Page2.storyboard */; };
		A05F9A871EE98682008CE29A /* ReportPersonalCell.swift in Sources */ = {isa = PBXBuildFile; fileRef = A05F9A861EE98682008CE29A /* ReportPersonalCell.swift */; };
		A05F9A891EE99BDD008CE29A /* ReportGroupCell.swift in Sources */ = {isa = PBXBuildFile; fileRef = A05F9A881EE99BDD008CE29A /* ReportGroupCell.swift */; };
		A0824B721EDFBB190013A39C /* AddMemeber.swift in Sources */ = {isa = PBXBuildFile; fileRef = A0824B711EDFBB190013A39C /* AddMemeber.swift */; };
		A0824B741EDFBB250013A39C /* AddPart.swift in Sources */ = {isa = PBXBuildFile; fileRef = A0824B731EDFBB250013A39C /* AddPart.swift */; };
		A0824B761EDFBB320013A39C /* AddReport.swift in Sources */ = {isa = PBXBuildFile; fileRef = A0824B751EDFBB320013A39C /* AddReport.swift */; };
		A0824B791EE04AF60013A39C /* PageShow.swift in Sources */ = {isa = PBXBuildFile; fileRef = A0824B781EE04AF60013A39C /* PageShow.swift */; };
		A0824B7B1EE04B0D0013A39C /* PageDetail.swift in Sources */ = {isa = PBXBuildFile; fileRef = A0824B7A1EE04B0D0013A39C /* PageDetail.swift */; };
		A0824B7D1EE04B170013A39C /* PageLogs.swift in Sources */ = {isa = PBXBuildFile; fileRef = A0824B7C1EE04B170013A39C /* PageLogs.swift */; };
		A0824B7F1EE058DA0013A39C /* Function.swift in Sources */ = {isa = PBXBuildFile; fileRef = A0824B7E1EE058DA0013A39C /* Function.swift */; };
		A0CE0C181ECB374700DABDAF /* AppDelegate.swift in Sources */ = {isa = PBXBuildFile; fileRef = A0CE0C171ECB374700DABDAF /* AppDelegate.swift */; };
		A0CE0C1D1ECB374700DABDAF /* Main.storyboard in Resources */ = {isa = PBXBuildFile; fileRef = A0CE0C1B1ECB374700DABDAF /* Main.storyboard */; };
		A0CE0C201ECB374700DABDAF /* GraduatedProject.xcdatamodeld in Sources */ = {isa = PBXBuildFile; fileRef = A0CE0C1E1ECB374700DABDAF /* GraduatedProject.xcdatamodeld */; };
		A0CE0C221ECB374700DABDAF /* Assets.xcassets in Resources */ = {isa = PBXBuildFile; fileRef = A0CE0C211ECB374700DABDAF /* Assets.xcassets */; };
		A0CE0C251ECB374700DABDAF /* LaunchScreen.storyboard in Resources */ = {isa = PBXBuildFile; fileRef = A0CE0C231ECB374700DABDAF /* LaunchScreen.storyboard */; };
		A0D64CCB1EF7BD2B00815284 /* PageMembers.swift in Sources */ = {isa = PBXBuildFile; fileRef = A0D64CCA1EF7BD2B00815284 /* PageMembers.swift */; };
		A0D64CCD1EF7BE1800815284 /* PageMembersCell.swift in Sources */ = {isa = PBXBuildFile; fileRef = A0D64CCC1EF7BE1800815284 /* PageMembersCell.swift */; };
/* End PBXBuildFile section */

/* Begin PBXFileReference section */
		19050C472D3E30CD42F6EA14 /* Pods_GraduatedProject.framework */ = {isa = PBXFileReference; explicitFileType = wrapper.framework; includeInIndex = 0; path = Pods_GraduatedProject.framework; sourceTree = BUILT_PRODUCTS_DIR; };
		433C9E334F64963980F4247E /* Pods-GraduatedProject.release.xcconfig */ = {isa = PBXFileReference; includeInIndex = 1; lastKnownFileType = text.xcconfig; name = "Pods-GraduatedProject.release.xcconfig"; path = "Pods/Target Support Files/Pods-GraduatedProject/Pods-GraduatedProject.release.xcconfig"; sourceTree = "<group>"; };
		A03C7F7B1EDEF56800C53533 /* PageVC.swift */ = {isa = PBXFileReference; fileEncoding = 4; lastKnownFileType = sourcecode.swift; path = PageVC.swift; sourceTree = "<group>"; };
		A03C7F7E1EDEF74D00C53533 /* Base */ = {isa = PBXFileReference; lastKnownFileType = file.storyboard; name = Base; path = Base.lproj/Page1.storyboard; sourceTree = "<group>"; };
		A03C7F801EDEF76F00C53533 /* Page2.storyboard */ = {isa = PBXFileReference; fileEncoding = 4; lastKnownFileType = file.storyboard; path = Page2.storyboard; sourceTree = "<group>"; };
		A05F9A861EE98682008CE29A /* ReportPersonalCell.swift */ = {isa = PBXFileReference; fileEncoding = 4; lastKnownFileType = sourcecode.swift; path = ReportPersonalCell.swift; sourceTree = "<group>"; };
		A05F9A881EE99BDD008CE29A /* ReportGroupCell.swift */ = {isa = PBXFileReference; fileEncoding = 4; lastKnownFileType = sourcecode.swift; path = ReportGroupCell.swift; sourceTree = "<group>"; };
		A0824B711EDFBB190013A39C /* AddMemeber.swift */ = {isa = PBXFileReference; fileEncoding = 4; lastKnownFileType = sourcecode.swift; path = AddMemeber.swift; sourceTree = "<group>"; };
		A0824B731EDFBB250013A39C /* AddPart.swift */ = {isa = PBXFileReference; fileEncoding = 4; lastKnownFileType = sourcecode.swift; path = AddPart.swift; sourceTree = "<group>"; };
		A0824B751EDFBB320013A39C /* AddReport.swift */ = {isa = PBXFileReference; fileEncoding = 4; lastKnownFileType = sourcecode.swift; path = AddReport.swift; sourceTree = "<group>"; };
		A0824B781EE04AF60013A39C /* PageShow.swift */ = {isa = PBXFileReference; fileEncoding = 4; lastKnownFileType = sourcecode.swift; path = PageShow.swift; sourceTree = "<group>"; };
		A0824B7A1EE04B0D0013A39C /* PageDetail.swift */ = {isa = PBXFileReference; fileEncoding = 4; lastKnownFileType = sourcecode.swift; path = PageDetail.swift; sourceTree = "<group>"; };
		A0824B7C1EE04B170013A39C /* PageLogs.swift */ = {isa = PBXFileReference; fileEncoding = 4; lastKnownFileType = sourcecode.swift; path = PageLogs.swift; sourceTree = "<group>"; };
		A0824B7E1EE058DA0013A39C /* Function.swift */ = {isa = PBXFileReference; fileEncoding = 4; lastKnownFileType = sourcecode.swift; path = Function.swift; sourceTree = "<group>"; };
		A0CE0C141ECB374700DABDAF /* GraduatedProject.app */ = {isa = PBXFileReference; explicitFileType = wrapper.application; includeInIndex = 0; path = GraduatedProject.app; sourceTree = BUILT_PRODUCTS_DIR; };
		A0CE0C171ECB374700DABDAF /* AppDelegate.swift */ = {isa = PBXFileReference; lastKnownFileType = sourcecode.swift; path = AppDelegate.swift; sourceTree = "<group>"; };
		A0CE0C1C1ECB374700DABDAF /* Base */ = {isa = PBXFileReference; lastKnownFileType = file.storyboard; name = Base; path = Base.lproj/Main.storyboard; sourceTree = "<group>"; };
		A0CE0C1F1ECB374700DABDAF /* GraduatedProject.xcdatamodel */ = {isa = PBXFileReference; lastKnownFileType = wrapper.xcdatamodel; path = GraduatedProject.xcdatamodel; sourceTree = "<group>"; };
		A0CE0C211ECB374700DABDAF /* Assets.xcassets */ = {isa = PBXFileReference; lastKnownFileType = folder.assetcatalog; path = Assets.xcassets; sourceTree = "<group>"; };
		A0CE0C241ECB374700DABDAF /* Base */ = {isa = PBXFileReference; lastKnownFileType = file.storyboard; name = Base; path = Base.lproj/LaunchScreen.storyboard; sourceTree = "<group>"; };
		A0CE0C261ECB374700DABDAF /* Info.plist */ = {isa = PBXFileReference; lastKnownFileType = text.plist.xml; path = Info.plist; sourceTree = "<group>"; };
		A0D64CCA1EF7BD2B00815284 /* PageMembers.swift */ = {isa = PBXFileReference; lastKnownFileType = sourcecode.swift; path = PageMembers.swift; sourceTree = "<group>"; };
		A0D64CCC1EF7BE1800815284 /* PageMembersCell.swift */ = {isa = PBXFileReference; lastKnownFileType = sourcecode.swift; path = PageMembersCell.swift; sourceTree = "<group>"; };
		D1116C1FB16E34C627B99F5A /* Pods-GraduatedProject.debug.xcconfig */ = {isa = PBXFileReference; includeInIndex = 1; lastKnownFileType = text.xcconfig; name = "Pods-GraduatedProject.debug.xcconfig"; path = "Pods/Target Support Files/Pods-GraduatedProject/Pods-GraduatedProject.debug.xcconfig"; sourceTree = "<group>"; };
/* End PBXFileReference section */

/* Begin PBXFrameworksBuildPhase section */
		A0CE0C111ECB374600DABDAF /* Frameworks */ = {
			isa = PBXFrameworksBuildPhase;
			buildActionMask = 2147483647;
			files = (
				816BFF141AA5224C8016389E /* Pods_GraduatedProject.framework in Frameworks */,
			);
			runOnlyForDeploymentPostprocessing = 0;
		};
/* End PBXFrameworksBuildPhase section */

/* Begin PBXGroup section */
		0659AC07B3B8A592CD89EB3F /* Pods */ = {
			isa = PBXGroup;
			children = (
				D1116C1FB16E34C627B99F5A /* Pods-GraduatedProject.debug.xcconfig */,
				433C9E334F64963980F4247E /* Pods-GraduatedProject.release.xcconfig */,
			);
			name = Pods;
			sourceTree = "<group>";
		};
		7CA86D68136FE2951B33A9E7 /* Frameworks */ = {
			isa = PBXGroup;
			children = (
				19050C472D3E30CD42F6EA14 /* Pods_GraduatedProject.framework */,
			);
			name = Frameworks;
			sourceTree = "<group>";
		};
		A0824B701EDFBAF30013A39C /* Add Info */ = {
			isa = PBXGroup;
			children = (
				A0824B751EDFBB320013A39C /* AddReport.swift */,
				A05F9A881EE99BDD008CE29A /* ReportGroupCell.swift */,
				A05F9A861EE98682008CE29A /* ReportPersonalCell.swift */,
				A0824B711EDFBB190013A39C /* AddMemeber.swift */,
				A0824B731EDFBB250013A39C /* AddPart.swift */,
			);
			name = "Add Info";
			sourceTree = "<group>";
		};
		A0824B771EE04AD70013A39C /* Pages */ = {
			isa = PBXGroup;
			children = (
				A0824B781EE04AF60013A39C /* PageShow.swift */,
				A0824B7A1EE04B0D0013A39C /* PageDetail.swift */,
				A0824B7C1EE04B170013A39C /* PageLogs.swift */,
				A0D64CCA1EF7BD2B00815284 /* PageMembers.swift */,
				A0D64CCC1EF7BE1800815284 /* PageMembersCell.swift */,
			);
			name = Pages;
			sourceTree = "<group>";
		};
		A0CE0C0B1ECB374600DABDAF = {
			isa = PBXGroup;
			children = (
				A0CE0C161ECB374700DABDAF /* GraduatedProject */,
				A0CE0C151ECB374700DABDAF /* Products */,
				0659AC07B3B8A592CD89EB3F /* Pods */,
				7CA86D68136FE2951B33A9E7 /* Frameworks */,
			);
			sourceTree = "<group>";
		};
		A0CE0C151ECB374700DABDAF /* Products */ = {
			isa = PBXGroup;
			children = (
				A0CE0C141ECB374700DABDAF /* GraduatedProject.app */,
			);
			name = Products;
			sourceTree = "<group>";
		};
		A0CE0C161ECB374700DABDAF /* GraduatedProject */ = {
			isa = PBXGroup;
			children = (
				A0824B771EE04AD70013A39C /* Pages */,
				A0824B701EDFBAF30013A39C /* Add Info */,
				A0CE0C171ECB374700DABDAF /* AppDelegate.swift */,
				A03C7F7B1EDEF56800C53533 /* PageVC.swift */,
				A0824B7E1EE058DA0013A39C /* Function.swift */,
				A0CE0C1B1ECB374700DABDAF /* Main.storyboard */,
				A03C7F7D1EDEF74D00C53533 /* Page1.storyboard */,
				A03C7F801EDEF76F00C53533 /* Page2.storyboard */,
				A0CE0C211ECB374700DABDAF /* Assets.xcassets */,
				A0CE0C231ECB374700DABDAF /* LaunchScreen.storyboard */,
				A0CE0C261ECB374700DABDAF /* Info.plist */,
				A0CE0C1E1ECB374700DABDAF /* GraduatedProject.xcdatamodeld */,
			);
			path = GraduatedProject;
			sourceTree = "<group>";
		};
/* End PBXGroup section */

/* Begin PBXNativeTarget section */
		A0CE0C131ECB374600DABDAF /* GraduatedProject */ = {
			isa = PBXNativeTarget;
			buildConfigurationList = A0CE0C291ECB374700DABDAF /* Build configuration list for PBXNativeTarget "GraduatedProject" */;
			buildPhases = (
				7F6F25F0B947F213BB98A967 /* [CP] Check Pods Manifest.lock */,
				A0CE0C101ECB374600DABDAF /* Sources */,
				A0CE0C111ECB374600DABDAF /* Frameworks */,
				A0CE0C121ECB374600DABDAF /* Resources */,
				A0BE5DD163E4F7D7F0DB6940 /* [CP] Embed Pods Frameworks */,
				3082E918093146B959B6DCB7 /* [CP] Copy Pods Resources */,
			);
			buildRules = (
			);
			dependencies = (
			);
			name = GraduatedProject;
			productName = GraduatedProject;
			productReference = A0CE0C141ECB374700DABDAF /* GraduatedProject.app */;
			productType = "com.apple.product-type.application";
		};
/* End PBXNativeTarget section */

/* Begin PBXProject section */
		A0CE0C0C1ECB374600DABDAF /* Project object */ = {
			isa = PBXProject;
			attributes = {
				LastSwiftUpdateCheck = 0830;
				LastUpgradeCheck = 0830;
				ORGANIZATIONNAME = JiseobKim;
				TargetAttributes = {
					A0CE0C131ECB374600DABDAF = {
						CreatedOnToolsVersion = 8.3.2;
						DevelopmentTeam = 689KAW4595;
						ProvisioningStyle = Automatic;
					};
				};
			};
			buildConfigurationList = A0CE0C0F1ECB374600DABDAF /* Build configuration list for PBXProject "GraduatedProject" */;
			compatibilityVersion = "Xcode 3.2";
			developmentRegion = English;
			hasScannedForEncodings = 0;
			knownRegions = (
				en,
				Base,
			);
			mainGroup = A0CE0C0B1ECB374600DABDAF;
			productRefGroup = A0CE0C151ECB374700DABDAF /* Products */;
			projectDirPath = "";
			projectRoot = "";
			targets = (
				A0CE0C131ECB374600DABDAF /* GraduatedProject */,
			);
		};
/* End PBXProject section */

/* Begin PBXResourcesBuildPhase section */
		A0CE0C121ECB374600DABDAF /* Resources */ = {
			isa = PBXResourcesBuildPhase;
			buildActionMask = 2147483647;
			files = (
				A03C7F811EDEF76F00C53533 /* Page2.storyboard in Resources */,
				A0CE0C251ECB374700DABDAF /* LaunchScreen.storyboard in Resources */,
				A03C7F7F1EDEF74D00C53533 /* Page1.storyboard in Resources */,
				A0CE0C221ECB374700DABDAF /* Assets.xcassets in Resources */,
				A0CE0C1D1ECB374700DABDAF /* Main.storyboard in Resources */,
			);
			runOnlyForDeploymentPostprocessing = 0;
		};
/* End PBXResourcesBuildPhase section */

/* Begin PBXShellScriptBuildPhase section */
		3082E918093146B959B6DCB7 /* [CP] Copy Pods Resources */ = {
			isa = PBXShellScriptBuildPhase;
			buildActionMask = 2147483647;
			files = (
			);
			inputPaths = (
			);
			name = "[CP] Copy Pods Resources";
			outputPaths = (
			);
			runOnlyForDeploymentPostprocessing = 0;
			shellPath = /bin/sh;
			shellScript = "\"${SRCROOT}/Pods/Target Support Files/Pods-GraduatedProject/Pods-GraduatedProject-resources.sh\"\n";
			showEnvVarsInLog = 0;
		};
		7F6F25F0B947F213BB98A967 /* [CP] Check Pods Manifest.lock */ = {
			isa = PBXShellScriptBuildPhase;
			buildActionMask = 2147483647;
			files = (
			);
			inputPaths = (
			);
			name = "[CP] Check Pods Manifest.lock";
			outputPaths = (
			);
			runOnlyForDeploymentPostprocessing = 0;
			shellPath = /bin/sh;
			shellScript = "diff \"${PODS_PODFILE_DIR_PATH}/Podfile.lock\" \"${PODS_ROOT}/Manifest.lock\" > /dev/null\nif [ $? != 0 ] ; then\n    # print error to STDERR\n    echo \"error: The sandbox is not in sync with the Podfile.lock. Run 'pod install' or update your CocoaPods installation.\" >&2\n    exit 1\nfi\n";
			showEnvVarsInLog = 0;
		};
		A0BE5DD163E4F7D7F0DB6940 /* [CP] Embed Pods Frameworks */ = {
			isa = PBXShellScriptBuildPhase;
			buildActionMask = 2147483647;
			files = (
			);
			inputPaths = (
			);
			name = "[CP] Embed Pods Frameworks";
			outputPaths = (
			);
			runOnlyForDeploymentPostprocessing = 0;
			shellPath = /bin/sh;
			shellScript = "\"${SRCROOT}/Pods/Target Support Files/Pods-GraduatedProject/Pods-GraduatedProject-frameworks.sh\"\n";
			showEnvVarsInLog = 0;
		};
/* End PBXShellScriptBuildPhase section */

/* Begin PBXSourcesBuildPhase section */
		A0CE0C101ECB374600DABDAF /* Sources */ = {
			isa = PBXSourcesBuildPhase;
			buildActionMask = 2147483647;
			files = (
				A0D64CCD1EF7BE1800815284 /* PageMembersCell.swift in Sources */,
				A03C7F7C1EDEF56800C53533 /* PageVC.swift in Sources */,
				A05F9A891EE99BDD008CE29A /* ReportGroupCell.swift in Sources */,
				A0824B7D1EE04B170013A39C /* PageLogs.swift in Sources */,
				A0824B721EDFBB190013A39C /* AddMemeber.swift in Sources */,
				A05F9A871EE98682008CE29A /* ReportPersonalCell.swift in Sources */,
				A0824B791EE04AF60013A39C /* PageShow.swift in Sources */,
				A0D64CCB1EF7BD2B00815284 /* PageMembers.swift in Sources */,
				A0824B7B1EE04B0D0013A39C /* PageDetail.swift in Sources */,
				A0824B741EDFBB250013A39C /* AddPart.swift in Sources */,
				A0CE0C201ECB374700DABDAF /* GraduatedProject.xcdatamodeld in Sources */,
				A0CE0C181ECB374700DABDAF /* AppDelegate.swift in Sources */,
				A0824B761EDFBB320013A39C /* AddReport.swift in Sources */,
				A0824B7F1EE058DA0013A39C /* Function.swift in Sources */,
			);
			runOnlyForDeploymentPostprocessing = 0;
		};
/* End PBXSourcesBuildPhase section */

/* Begin PBXVariantGroup section */
		A03C7F7D1EDEF74D00C53533 /* Page1.storyboard */ = {
			isa = PBXVariantGroup;
			children = (
				A03C7F7E1EDEF74D00C53533 /* Base */,
			);
			name = Page1.storyboard;
			sourceTree = "<group>";
		};
		A0CE0C1B1ECB374700DABDAF /* Main.storyboard */ = {
			isa = PBXVariantGroup;
			children = (
				A0CE0C1C1ECB374700DABDAF /* Base */,
			);
			name = Main.storyboard;
			sourceTree = "<group>";
		};
		A0CE0C231ECB374700DABDAF /* LaunchScreen.storyboard */ = {
			isa = PBXVariantGroup;
			children = (
				A0CE0C241ECB374700DABDAF /* Base */,
			);
			name = LaunchScreen.storyboard;
			sourceTree = "<group>";
		};
/* End PBXVariantGroup section */

/* Begin XCBuildConfiguration section */
		A0CE0C271ECB374700DABDAF /* Debug */ = {
			isa = XCBuildConfiguration;
			buildSettings = {
				ALWAYS_SEARCH_USER_PATHS = NO;
				CLANG_ANALYZER_NONNULL = YES;
				CLANG_ANALYZER_NUMBER_OBJECT_CONVERSION = YES_AGGRESSIVE;
				CLANG_CXX_LANGUAGE_STANDARD = "gnu++0x";
				CLANG_CXX_LIBRARY = "libc++";
				CLANG_ENABLE_MODULES = YES;
				CLANG_ENABLE_OBJC_ARC = YES;
				CLANG_WARN_BOOL_CONVERSION = YES;
				CLANG_WARN_CONSTANT_CONVERSION = YES;
				CLANG_WARN_DIRECT_OBJC_ISA_USAGE = YES_ERROR;
				CLANG_WARN_DOCUMENTATION_COMMENTS = YES;
				CLANG_WARN_EMPTY_BODY = YES;
				CLANG_WARN_ENUM_CONVERSION = YES;
				CLANG_WARN_INFINITE_RECURSION = YES;
				CLANG_WARN_INT_CONVERSION = YES;
				CLANG_WARN_OBJC_ROOT_CLASS = YES_ERROR;
				CLANG_WARN_SUSPICIOUS_MOVE = YES;
				CLANG_WARN_UNREACHABLE_CODE = YES;
				CLANG_WARN__DUPLICATE_METHOD_MATCH = YES;
				"CODE_SIGN_IDENTITY[sdk=iphoneos*]" = "iPhone Developer";
				COPY_PHASE_STRIP = NO;
				DEBUG_INFORMATION_FORMAT = dwarf;
				ENABLE_STRICT_OBJC_MSGSEND = YES;
				ENABLE_TESTABILITY = YES;
				GCC_C_LANGUAGE_STANDARD = gnu99;
				GCC_DYNAMIC_NO_PIC = NO;
				GCC_NO_COMMON_BLOCKS = YES;
				GCC_OPTIMIZATION_LEVEL = 0;
				GCC_PREPROCESSOR_DEFINITIONS = (
					"DEBUG=1",
					"$(inherited)",
				);
				GCC_WARN_64_TO_32_BIT_CONVERSION = YES;
				GCC_WARN_ABOUT_RETURN_TYPE = YES_ERROR;
				GCC_WARN_UNDECLARED_SELECTOR = YES;
				GCC_WARN_UNINITIALIZED_AUTOS = YES_AGGRESSIVE;
				GCC_WARN_UNUSED_FUNCTION = YES;
				GCC_WARN_UNUSED_VARIABLE = YES;
				IPHONEOS_DEPLOYMENT_TARGET = 10.3;
				MTL_ENABLE_DEBUG_INFO = YES;
				ONLY_ACTIVE_ARCH = YES;
				SDKROOT = iphoneos;
				SWIFT_ACTIVE_COMPILATION_CONDITIONS = DEBUG;
				SWIFT_OPTIMIZATION_LEVEL = "-Onone";
				TARGETED_DEVICE_FAMILY = "1,2";
			};
			name = Debug;
		};
		A0CE0C281ECB374700DABDAF /* Release */ = {
			isa = XCBuildConfiguration;
			buildSettings = {
				ALWAYS_SEARCH_USER_PATHS = NO;
				CLANG_ANALYZER_NONNULL = YES;
				CLANG_ANALYZER_NUMBER_OBJECT_CONVERSION = YES_AGGRESSIVE;
				CLANG_CXX_LANGUAGE_STANDARD = "gnu++0x";
				CLANG_CXX_LIBRARY = "libc++";
				CLANG_ENABLE_MODULES = YES;
				CLANG_ENABLE_OBJC_ARC = YES;
				CLANG_WARN_BOOL_CONVERSION = YES;
				CLANG_WARN_CONSTANT_CONVERSION = YES;
				CLANG_WARN_DIRECT_OBJC_ISA_USAGE = YES_ERROR;
				CLANG_WARN_DOCUMENTATION_COMMENTS = YES;
				CLANG_WARN_EMPTY_BODY = YES;
				CLANG_WARN_ENUM_CONVERSION = YES;
				CLANG_WARN_INFINITE_RECURSION = YES;
				CLANG_WARN_INT_CONVERSION = YES;
				CLANG_WARN_OBJC_ROOT_CLASS = YES_ERROR;
				CLANG_WARN_SUSPICIOUS_MOVE = YES;
				CLANG_WARN_UNREACHABLE_CODE = YES;
				CLANG_WARN__DUPLICATE_METHOD_MATCH = YES;
				"CODE_SIGN_IDENTITY[sdk=iphoneos*]" = "iPhone Developer";
				COPY_PHASE_STRIP = NO;
				DEBUG_INFORMATION_FORMAT = "dwarf-with-dsym";
				ENABLE_NS_ASSERTIONS = NO;
				ENABLE_STRICT_OBJC_MSGSEND = YES;
				GCC_C_LANGUAGE_STANDARD = gnu99;
				GCC_NO_COMMON_BLOCKS = YES;
				GCC_WARN_64_TO_32_BIT_CONVERSION = YES;
				GCC_WARN_ABOUT_RETURN_TYPE = YES_ERROR;
				GCC_WARN_UNDECLARED_SELECTOR = YES;
				GCC_WARN_UNINITIALIZED_AUTOS = YES_AGGRESSIVE;
				GCC_WARN_UNUSED_FUNCTION = YES;
				GCC_WARN_UNUSED_VARIABLE = YES;
				IPHONEOS_DEPLOYMENT_TARGET = 10.3;
				MTL_ENABLE_DEBUG_INFO = NO;
				SDKROOT = iphoneos;
				SWIFT_OPTIMIZATION_LEVEL = "-Owholemodule";
				TARGETED_DEVICE_FAMILY = "1,2";
				VALIDATE_PRODUCT = YES;
			};
			name = Release;
		};
		A0CE0C2A1ECB374700DABDAF /* Debug */ = {
			isa = XCBuildConfiguration;
			baseConfigurationReference = D1116C1FB16E34C627B99F5A /* Pods-GraduatedProject.debug.xcconfig */;
			buildSettings = {
				ASSETCATALOG_COMPILER_APPICON_NAME = AppIcon;
				DEVELOPMENT_TEAM = 689KAW4595;
				INFOPLIST_FILE = GraduatedProject/Info.plist;
				IPHONEOS_DEPLOYMENT_TARGET = 10.0;
				LD_RUNPATH_SEARCH_PATHS = "$(inherited) @executable_path/Frameworks";
				PRODUCT_BUNDLE_IDENTIFIER = MyFirstApp.GraduatedProject;
				PRODUCT_NAME = "$(TARGET_NAME)";
				SWIFT_VERSION = 3.0;
			};
			name = Debug;
		};
		A0CE0C2B1ECB374700DABDAF /* Release */ = {
			isa = XCBuildConfiguration;
			baseConfigurationReference = 433C9E334F64963980F4247E /* Pods-GraduatedProject.release.xcconfig */;
			buildSettings = {
				ASSETCATALOG_COMPILER_APPICON_NAME = AppIcon;
				DEVELOPMENT_TEAM = 689KAW4595;
				INFOPLIST_FILE = GraduatedProject/Info.plist;
				IPHONEOS_DEPLOYMENT_TARGET = 10.0;
				LD_RUNPATH_SEARCH_PATHS = "$(inherited) @executable_path/Frameworks";
				PRODUCT_BUNDLE_IDENTIFIER = MyFirstApp.GraduatedProject;
				PRODUCT_NAME = "$(TARGET_NAME)";
				SWIFT_VERSION = 3.0;
			};
			name = Release;
		};
/* End XCBuildConfiguration section */

/* Begin XCConfigurationList section */
		A0CE0C0F1ECB374600DABDAF /* Build configuration list for PBXProject "GraduatedProject" */ = {
			isa = XCConfigurationList;
			buildConfigurations = (
				A0CE0C271ECB374700DABDAF /* Debug */,
				A0CE0C281ECB374700DABDAF /* Release */,
			);
			defaultConfigurationIsVisible = 0;
			defaultConfigurationName = Release;
		};
		A0CE0C291ECB374700DABDAF /* Build configuration list for PBXNativeTarget "GraduatedProject" */ = {
			isa = XCConfigurationList;
			buildConfigurations = (
				A0CE0C2A1ECB374700DABDAF /* Debug */,
				A0CE0C2B1ECB374700DABDAF /* Release */,
			);
			defaultConfigurationIsVisible = 0;
			defaultConfigurationName = Release;
		};
/* End XCConfigurationList section */

/* Begin XCVersionGroup section */
		A0CE0C1E1ECB374700DABDAF /* GraduatedProject.xcdatamodeld */ = {
			isa = XCVersionGroup;
			children = (
				A0CE0C1F1ECB374700DABDAF /* GraduatedProject.xcdatamodel */,
			);
			currentVersion = A0CE0C1F1ECB374700DABDAF /* GraduatedProject.xcdatamodel */;
			path = GraduatedProject.xcdatamodeld;
			sourceTree = "<group>";
			versionGroupType = wrapper.xcdatamodel;
		};
/* End XCVersionGroup section */
	};
	rootObject = A0CE0C0C1ECB374600DABDAF /* Project object */;
}
